
Microsoft Visual Studio Solution File, Format Version 12.00
# Visual Studio Version 17
VisualStudioVersion = 17.8.34525.116
MinimumVisualStudioVersion = 10.0.40219.1
Project("{9A19103F-16F7-4668-BE54-9A1E7A4F7556}") = "ReactiveLikeApiDemo", "ReactiveLikeApiDemo.csproj", "{19668E44-17E3-4D74-A820-06E30981660F}"
EndProject
Global
	GlobalSection(SolutionConfigurationPlatforms) = preSolution
		Debug|Any CPU = Debug|Any CPU
		Release|Any CPU = Release|Any CPU
	EndGlobalSection
	GlobalSection(ProjectConfigurationPlatforms) = postSolution
		{19668E44-17E3-4D74-A820-06E30981660F}.Debug|Any CPU.ActiveCfg = Debug|Any CPU
		{19668E44-17E3-4D74-A820-06E30981660F}.Debug|Any CPU.Build.0 = Debug|Any CPU
		{19668E44-17E3-4D74-A820-06E30981660F}.Release|Any CPU.ActiveCfg = Release|Any CPU
		{19668E44-17E3-4D74-A820-06E30981660F}.Release|Any CPU.Build.0 = Release|Any CPU
	EndGlobalSection
	GlobalSection(SolutionProperties) = preSolution
		HideSolutionNode = FALSE
	EndGlobalSection
	GlobalSection(ExtensibilityGlobals) = postSolution
		SolutionGuid = {4F7B2E35-2DB1-405C-A0B5-D5C488903C31}
	EndGlobalSection
EndGlobal
